{
  "name": "mrp-browser",
  "version": "1.0.0",
  "lockfileVersion": 3,
  "requires": true,
  "packages": {
    "": {
      "name": "mrp-browser",
      "version": "1.0.0",
      "dependencies": {
        "node-firebird": "^1.1.10"
      }
    },
    "node_modules/big-integer": {
      "version": "1.6.52",
      "resolved": "https://registry.npmjs.org/big-integer/-/big-integer-1.6.52.tgz",
      "integrity": "sha512-QxD8cf2eVqJOOz63z6JIN9BzvVs/dlySa5HGSBH5xtR8dPteIRQnBxxKqkNTiT6jbDTF6jAfrd4oMcND9RGbQg==",
      "license": "Unlicense",
      "engines": {
        "node": ">=0.6"
      }
    },
    "node_modules/long": {
      "version": "5.3.2",
      "resolved": "https://registry.npmjs.org/long/-/long-5.3.2.tgz",
      "integrity": "sha512-mNAgZ1GmyNhD7AuqnTG3/VQ26o760+ZYBPKjPvugO8+nLbYfX6TVpJPseBvopbdY+qpZ/lKUnmEc1LeZYS3QAA==",
      "license": "Apache-2.0"
    },
    "node_modules/node-firebird": {
      "version": "1.1.10",
      "resolved": "https://registry.npmjs.org/node-firebird/-/node-firebird-1.1.10.tgz",
      "integrity": "sha512-/U2DmoqidETduvh7Y+fX7dlo5aWc0Vjd7wjSnDQWZ/L0UFVJiOKtR8fPRbvn+3HxQiYeexco8W2Px2hdrDT2Ew==",
      "license": "MPL-2.0",
      "dependencies": {
        "big-integer": "^1.6.51",
        "long": "^5.2.3"
      }
    }
  }
}
